
Microsoft Visual Studio Solution File, Format Version 12.00
# Visual Studio 2013
VisualStudioVersion = 12.0.20827.3
MinimumVisualStudioVersion = 10.0.40219.1
Project("{FAE04EC0-301F-11D3-BF4B-00C04F79EFBC}") = "BindingCombobox", "BindingCombobox\BindingCombobox.csproj", "{1F412D1A-047D-46D8-8CF6-CB5500ABA230}"
EndProject
Global
	GlobalSection(SolutionConfigurationPlatforms) = preSolution
		Debug|Any CPU = Debug|Any CPU
		Release|Any CPU = Release|Any CPU
	EndGlobalSection
	GlobalSection(ProjectConfigurationPlatforms) = postSolution
		{1F412D1A-047D-46D8-8CF6-CB5500ABA230}.Debug|Any CPU.ActiveCfg = Debug|Any CPU
		{1F412D1A-047D-46D8-8CF6-CB5500ABA230}.Debug|Any CPU.Build.0 = Debug|Any CPU
		{1F412D1A-047D-46D8-8CF6-CB5500ABA230}.Release|Any CPU.ActiveCfg = Release|Any CPU
		{1F412D1A-047D-46D8-8CF6-CB5500ABA230}.Release|Any CPU.Build.0 = Release|Any CPU
	EndGlobalSection
	GlobalSection(SolutionProperties) = preSolution
		HideSolutionNode = FALSE
	EndGlobalSection
EndGlobal
